
Microsoft Visual Studio Solution File, Format Version 12.00
# Visual Studio 2013
VisualStudioVersion = 12.0.40629.0
MinimumVisualStudioVersion = 10.0.40219.1
Project("{8BC9CEB8-8B4A-11D0-8D11-00A0C91BC942}") = "vsUTF8Template", "vsUTF8Template\vsUTF8Template.vcxproj", "{B98D6470-3B70-4287-9E65-90C039DAEB6B}"
EndProject
Project("{8BC9CEB8-8B4A-11D0-8D11-00A0C91BC942}") = "cJSON", "cJSON\cJSON.vcxproj", "{7DB5ADC9-31D1-4A4C-AEB2-34D84167DD6F}"
EndProject
Global
	GlobalSection(SolutionConfigurationPlatforms) = preSolution
		Debug|Win32 = Debug|Win32
		Release|Win32 = Release|Win32
	EndGlobalSection
	GlobalSection(ProjectConfigurationPlatforms) = postSolution
		{B98D6470-3B70-4287-9E65-90C039DAEB6B}.Debug|Win32.ActiveCfg = Debug|Win32
		{B98D6470-3B70-4287-9E65-90C039DAEB6B}.Debug|Win32.Build.0 = Debug|Win32
		{B98D6470-3B70-4287-9E65-90C039DAEB6B}.Release|Win32.ActiveCfg = Release|Win32
		{B98D6470-3B70-4287-9E65-90C039DAEB6B}.Release|Win32.Build.0 = Release|Win32
		{7DB5ADC9-31D1-4A4C-AEB2-34D84167DD6F}.Debug|Win32.ActiveCfg = Debug|Win32
		{7DB5ADC9-31D1-4A4C-AEB2-34D84167DD6F}.Debug|Win32.Build.0 = Debug|Win32
		{7DB5ADC9-31D1-4A4C-AEB2-34D84167DD6F}.Release|Win32.ActiveCfg = Release|Win32
		{7DB5ADC9-31D1-4A4C-AEB2-34D84167DD6F}.Release|Win32.Build.0 = Release|Win32
	EndGlobalSection
	GlobalSection(SolutionProperties) = preSolution
		HideSolutionNode = FALSE
	EndGlobalSection
EndGlobal
